// !$*UTF8*$!
{
	archiveVersion = 1;
	classes = {
	};
	objectVersion = 46;
	objects = {

/* Begin PBXBuildFile section */
		1822F72C1EFBF3790084754F /* DetailVCTableViewCell.swift in Sources */ = {isa = PBXBuildFile; fileRef = 1822F72B1EFBF3790084754F /* DetailVCTableViewCell.swift */; };
		1899D5771EF1630D0069C52D /* EPex_Logo.png in Resources */ = {isa = PBXBuildFile; fileRef = 1899D5731EF1630D0069C52D /* EPex_Logo.png */; };
		1899D5781EF1630D0069C52D /* GE Inspira Regular.exe in Resources */ = {isa = PBXBuildFile; fileRef = 1899D5741EF1630D0069C52D /* GE Inspira Regular.exe */; };
		1899D5791EF1630D0069C52D /* GE Inspira Regular.ttf in Resources */ = {isa = PBXBuildFile; fileRef = 1899D5751EF1630D0069C52D /* GE Inspira Regular.ttf */; };
		1899D57A1EF1630D0069C52D /* General_Electric_logo.svg.png in Resources */ = {isa = PBXBuildFile; fileRef = 1899D5761EF1630D0069C52D /* General_Electric_logo.svg.png */; };
		1899D57E1EF168FC0069C52D /* EPex_AppIcon in Resources */ = {isa = PBXBuildFile; fileRef = 1899D57D1EF168FC0069C52D /* EPex_AppIcon */; };
		1899D5801EF16EF50069C52D /* SearchViewController.swift in Sources */ = {isa = PBXBuildFile; fileRef = 1899D57F1EF16EF50069C52D /* SearchViewController.swift */; };
		1899D5821EF172DA0069C52D /* SearchResultsViewController.swift in Sources */ = {isa = PBXBuildFile; fileRef = 1899D5811EF172DA0069C52D /* SearchResultsViewController.swift */; };
		18A057841EF04A7900E0724A /* AppDelegate.swift in Sources */ = {isa = PBXBuildFile; fileRef = 18A057831EF04A7900E0724A /* AppDelegate.swift */; };
		18A057861EF04A7900E0724A /* ViewController.swift in Sources */ = {isa = PBXBuildFile; fileRef = 18A057851EF04A7900E0724A /* ViewController.swift */; };
		18A0578B1EF04A7900E0724A /* Assets.xcassets in Resources */ = {isa = PBXBuildFile; fileRef = 18A0578A1EF04A7900E0724A /* Assets.xcassets */; };
		18A0578E1EF04A7900E0724A /* LaunchScreen.storyboard in Resources */ = {isa = PBXBuildFile; fileRef = 18A0578C1EF04A7900E0724A /* LaunchScreen.storyboard */; };
		18A0579B1EF04E7100E0724A /* DetailViewController.swift in Sources */ = {isa = PBXBuildFile; fileRef = 18A0579A1EF04E7100E0724A /* DetailViewController.swift */; };
		18A0579D1EF04E8900E0724A /* SplashScreenViewController.swift in Sources */ = {isa = PBXBuildFile; fileRef = 18A0579C1EF04E8900E0724A /* SplashScreenViewController.swift */; };
		18CB881A1EF1ACC400F6BD7C /* Main.storyboard in Resources */ = {isa = PBXBuildFile; fileRef = 18CB88181EF1ACC400F6BD7C /* Main.storyboard */; };
		18CB881C1EF2F59700F6BD7C /* SearchResultsTableViewCell.swift in Sources */ = {isa = PBXBuildFile; fileRef = 18CB881B1EF2F59700F6BD7C /* SearchResultsTableViewCell.swift */; };
		18CB881E1EF438B600F6BD7C /* HowToUseViewController.swift in Sources */ = {isa = PBXBuildFile; fileRef = 18CB881D1EF438B600F6BD7C /* HowToUseViewController.swift */; };
/* End PBXBuildFile section */

/* Begin PBXFileReference section */
		1822F72B1EFBF3790084754F /* DetailVCTableViewCell.swift */ = {isa = PBXFileReference; fileEncoding = 4; lastKnownFileType = sourcecode.swift; path = DetailVCTableViewCell.swift; sourceTree = "<group>"; };
		1899D5731EF1630D0069C52D /* EPex_Logo.png */ = {isa = PBXFileReference; lastKnownFileType = image.png; path = EPex_Logo.png; sourceTree = "<group>"; };
		1899D5741EF1630D0069C52D /* GE Inspira Regular.exe */ = {isa = PBXFileReference; lastKnownFileType = file; path = "GE Inspira Regular.exe"; sourceTree = "<group>"; };
		1899D5751EF1630D0069C52D /* GE Inspira Regular.ttf */ = {isa = PBXFileReference; lastKnownFileType = file; path = "GE Inspira Regular.ttf"; sourceTree = "<group>"; };
		1899D5761EF1630D0069C52D /* General_Electric_logo.svg.png */ = {isa = PBXFileReference; lastKnownFileType = image.png; path = General_Electric_logo.svg.png; sourceTree = "<group>"; };
		1899D57D1EF168FC0069C52D /* EPex_AppIcon */ = {isa = PBXFileReference; lastKnownFileType = folder; path = EPex_AppIcon; sourceTree = "<group>"; };
		1899D57F1EF16EF50069C52D /* SearchViewController.swift */ = {isa = PBXFileReference; fileEncoding = 4; lastKnownFileType = sourcecode.swift; path = SearchViewController.swift; sourceTree = "<group>"; };
		1899D5811EF172DA0069C52D /* SearchResultsViewController.swift */ = {isa = PBXFileReference; fileEncoding = 4; lastKnownFileType = sourcecode.swift; path = SearchResultsViewController.swift; sourceTree = "<group>"; };
		18A057801EF04A7900E0724A /* EPex_Mobile_2.app */ = {isa = PBXFileReference; explicitFileType = wrapper.application; includeInIndex = 0; path = EPex_Mobile_2.app; sourceTree = BUILT_PRODUCTS_DIR; };
		18A057831EF04A7900E0724A /* AppDelegate.swift */ = {isa = PBXFileReference; lastKnownFileType = sourcecode.swift; path = AppDelegate.swift; sourceTree = "<group>"; };
		18A057851EF04A7900E0724A /* ViewController.swift */ = {isa = PBXFileReference; lastKnownFileType = sourcecode.swift; path = ViewController.swift; sourceTree = "<group>"; };
		18A0578A1EF04A7900E0724A /* Assets.xcassets */ = {isa = PBXFileReference; lastKnownFileType = folder.assetcatalog; path = Assets.xcassets; sourceTree = "<group>"; };
		18A0578D1EF04A7900E0724A /* Base */ = {isa = PBXFileReference; lastKnownFileType = file.storyboard; name = Base; path = Base.lproj/LaunchScreen.storyboard; sourceTree = "<group>"; };
		18A0578F1EF04A7900E0724A /* Info.plist */ = {isa = PBXFileReference; lastKnownFileType = text.plist.xml; path = Info.plist; sourceTree = "<group>"; };
		18A0579A1EF04E7100E0724A /* DetailViewController.swift */ = {isa = PBXFileReference; fileEncoding = 4; lastKnownFileType = sourcecode.swift; path = DetailViewController.swift; sourceTree = "<group>"; };
		18A0579C1EF04E8900E0724A /* SplashScreenViewController.swift */ = {isa = PBXFileReference; fileEncoding = 4; lastKnownFileType = sourcecode.swift; path = SplashScreenViewController.swift; sourceTree = "<group>"; };
		18CB88191EF1ACC400F6BD7C /* Base */ = {isa = PBXFileReference; lastKnownFileType = file.storyboard; name = Base; path = Base.lproj/Main.storyboard; sourceTree = "<group>"; };
		18CB881B1EF2F59700F6BD7C /* SearchResultsTableViewCell.swift */ = {isa = PBXFileReference; fileEncoding = 4; lastKnownFileType = sourcecode.swift; name = SearchResultsTableViewCell.swift; path = ../SearchResultsTableViewCell.swift; sourceTree = "<group>"; };
		18CB881D1EF438B600F6BD7C /* HowToUseViewController.swift */ = {isa = PBXFileReference; fileEncoding = 4; lastKnownFileType = sourcecode.swift; path = HowToUseViewController.swift; sourceTree = "<group>"; };
/* End PBXFileReference section */

/* Begin PBXFrameworksBuildPhase section */
		18A0577D1EF04A7900E0724A /* Frameworks */ = {
			isa = PBXFrameworksBuildPhase;
			buildActionMask = 2147483647;
			files = (
			);
			runOnlyForDeploymentPostprocessing = 0;
		};
/* End PBXFrameworksBuildPhase section */

/* Begin PBXGroup section */
		18A057771EF04A7900E0724A = {
			isa = PBXGroup;
			children = (
				18CB881D1EF438B600F6BD7C /* HowToUseViewController.swift */,
				18A057821EF04A7900E0724A /* EPex_Mobile_2 */,
				18A057811EF04A7900E0724A /* Products */,
				1899D5731EF1630D0069C52D /* EPex_Logo.png */,
				1899D5741EF1630D0069C52D /* GE Inspira Regular.exe */,
				1899D5751EF1630D0069C52D /* GE Inspira Regular.ttf */,
				1899D5761EF1630D0069C52D /* General_Electric_logo.svg.png */,
				1899D57D1EF168FC0069C52D /* EPex_AppIcon */,
			);
			sourceTree = "<group>";
		};
		18A057811EF04A7900E0724A /* Products */ = {
			isa = PBXGroup;
			children = (
				18A057801EF04A7900E0724A /* EPex_Mobile_2.app */,
			);
			name = Products;
			sourceTree = "<group>";
		};
		18A057821EF04A7900E0724A /* EPex_Mobile_2 */ = {
			isa = PBXGroup;
			children = (
				18A057831EF04A7900E0724A /* AppDelegate.swift */,
				18A057851EF04A7900E0724A /* ViewController.swift */,
				18A0579C1EF04E8900E0724A /* SplashScreenViewController.swift */,
				18A0579A1EF04E7100E0724A /* DetailViewController.swift */,
				1899D5811EF172DA0069C52D /* SearchResultsViewController.swift */,
				1899D57F1EF16EF50069C52D /* SearchViewController.swift */,
				18A0578A1EF04A7900E0724A /* Assets.xcassets */,
				18CB881B1EF2F59700F6BD7C /* SearchResultsTableViewCell.swift */,
				1822F72B1EFBF3790084754F /* DetailVCTableViewCell.swift */,
				18CB88181EF1ACC400F6BD7C /* Main.storyboard */,
				18A0578C1EF04A7900E0724A /* LaunchScreen.storyboard */,
				18A0578F1EF04A7900E0724A /* Info.plist */,
			);
			path = EPex_Mobile_2;
			sourceTree = "<group>";
		};
/* End PBXGroup section */

/* Begin PBXNativeTarget section */
		18A0577F1EF04A7900E0724A /* EPex_Mobile_2 */ = {
			isa = PBXNativeTarget;
			buildConfigurationList = 18A057921EF04A7900E0724A /* Build configuration list for PBXNativeTarget "EPex_Mobile_2" */;
			buildPhases = (
				18A0577C1EF04A7900E0724A /* Sources */,
				18A0577D1EF04A7900E0724A /* Frameworks */,
				18A0577E1EF04A7900E0724A /* Resources */,
			);
			buildRules = (
			);
			dependencies = (
			);
			name = EPex_Mobile_2;
			productName = EPex_Mobile_2;
			productReference = 18A057801EF04A7900E0724A /* EPex_Mobile_2.app */;
			productType = "com.apple.product-type.application";
		};
/* End PBXNativeTarget section */

/* Begin PBXProject section */
		18A057781EF04A7900E0724A /* Project object */ = {
			isa = PBXProject;
			attributes = {
				LastSwiftUpdateCheck = 0830;
				LastUpgradeCheck = 0830;
				ORGANIZATIONNAME = GeneralElectric;
				TargetAttributes = {
					18A0577F1EF04A7900E0724A = {
						CreatedOnToolsVersion = 8.3.3;
						DevelopmentTeam = 3TZ48YZ6N3;
						ProvisioningStyle = Automatic;
					};
				};
			};
			buildConfigurationList = 18A0577B1EF04A7900E0724A /* Build configuration list for PBXProject "EPex_Mobile_2" */;
			compatibilityVersion = "Xcode 3.2";
			developmentRegion = English;
			hasScannedForEncodings = 0;
			knownRegions = (
				en,
				Base,
			);
			mainGroup = 18A057771EF04A7900E0724A;
			productRefGroup = 18A057811EF04A7900E0724A /* Products */;
			projectDirPath = "";
			projectRoot = "";
			targets = (
				18A0577F1EF04A7900E0724A /* EPex_Mobile_2 */,
			);
		};
/* End PBXProject section */

/* Begin PBXResourcesBuildPhase section */
		18A0577E1EF04A7900E0724A /* Resources */ = {
			isa = PBXResourcesBuildPhase;
			buildActionMask = 2147483647;
			files = (
				1899D5771EF1630D0069C52D /* EPex_Logo.png in Resources */,
				18A0578E1EF04A7900E0724A /* LaunchScreen.storyboard in Resources */,
				1899D5781EF1630D0069C52D /* GE Inspira Regular.exe in Resources */,
				18CB881A1EF1ACC400F6BD7C /* Main.storyboard in Resources */,
				18A0578B1EF04A7900E0724A /* Assets.xcassets in Resources */,
				1899D57A1EF1630D0069C52D /* General_Electric_logo.svg.png in Resources */,
				1899D5791EF1630D0069C52D /* GE Inspira Regular.ttf in Resources */,
				1899D57E1EF168FC0069C52D /* EPex_AppIcon in Resources */,
			);
			runOnlyForDeploymentPostprocessing = 0;
		};
/* End PBXResourcesBuildPhase section */

/* Begin PBXSourcesBuildPhase section */
		18A0577C1EF04A7900E0724A /* Sources */ = {
			isa = PBXSourcesBuildPhase;
			buildActionMask = 2147483647;
			files = (
				1899D5801EF16EF50069C52D /* SearchViewController.swift in Sources */,
				1822F72C1EFBF3790084754F /* DetailVCTableViewCell.swift in Sources */,
				18A0579B1EF04E7100E0724A /* DetailViewController.swift in Sources */,
				18A057861EF04A7900E0724A /* ViewController.swift in Sources */,
				18A0579D1EF04E8900E0724A /* SplashScreenViewController.swift in Sources */,
				18CB881E1EF438B600F6BD7C /* HowToUseViewController.swift in Sources */,
				1899D5821EF172DA0069C52D /* SearchResultsViewController.swift in Sources */,
				18CB881C1EF2F59700F6BD7C /* SearchResultsTableViewCell.swift in Sources */,
				18A057841EF04A7900E0724A /* AppDelegate.swift in Sources */,
			);
			runOnlyForDeploymentPostprocessing = 0;
		};
/* End PBXSourcesBuildPhase section */

/* Begin PBXVariantGroup section */
		18A0578C1EF04A7900E0724A /* LaunchScreen.storyboard */ = {
			isa = PBXVariantGroup;
			children = (
				18A0578D1EF04A7900E0724A /* Base */,
			);
			name = LaunchScreen.storyboard;
			sourceTree = "<group>";
		};
		18CB88181EF1ACC400F6BD7C /* Main.storyboard */ = {
			isa = PBXVariantGroup;
			children = (
				18CB88191EF1ACC400F6BD7C /* Base */,
			);
			name = Main.storyboard;
			sourceTree = "<group>";
		};
/* End PBXVariantGroup section */

/* Begin XCBuildConfiguration section */
		18A057901EF04A7900E0724A /* Debug */ = {
			isa = XCBuildConfiguration;
			buildSettings = {
				ALWAYS_SEARCH_USER_PATHS = NO;
				CLANG_ANALYZER_NONNULL = YES;
				CLANG_ANALYZER_NUMBER_OBJECT_CONVERSION = YES_AGGRESSIVE;
				CLANG_CXX_LANGUAGE_STANDARD = "gnu++0x";
				CLANG_CXX_LIBRARY = "libc++";
				CLANG_ENABLE_MODULES = YES;
				CLANG_ENABLE_OBJC_ARC = YES;
				CLANG_WARN_BOOL_CONVERSION = YES;
				CLANG_WARN_CONSTANT_CONVERSION = YES;
				CLANG_WARN_DIRECT_OBJC_ISA_USAGE = YES_ERROR;
				CLANG_WARN_DOCUMENTATION_COMMENTS = YES;
				CLANG_WARN_EMPTY_BODY = YES;
				CLANG_WARN_ENUM_CONVERSION = YES;
				CLANG_WARN_INFINITE_RECURSION = YES;
				CLANG_WARN_INT_CONVERSION = YES;
				CLANG_WARN_OBJC_ROOT_CLASS = YES_ERROR;
				CLANG_WARN_SUSPICIOUS_MOVE = YES;
				CLANG_WARN_UNREACHABLE_CODE = YES;
				CLANG_WARN__DUPLICATE_METHOD_MATCH = YES;
				"CODE_SIGN_IDENTITY[sdk=iphoneos*]" = "iPhone Developer";
				COPY_PHASE_STRIP = NO;
				DEBUG_INFORMATION_FORMAT = dwarf;
				ENABLE_STRICT_OBJC_MSGSEND = YES;
				ENABLE_TESTABILITY = YES;
				GCC_C_LANGUAGE_STANDARD = gnu99;
				GCC_DYNAMIC_NO_PIC = NO;
				GCC_NO_COMMON_BLOCKS = YES;
				GCC_OPTIMIZATION_LEVEL = 0;
				GCC_PREPROCESSOR_DEFINITIONS = (
					"DEBUG=1",
					"$(inherited)",
				);
				GCC_WARN_64_TO_32_BIT_CONVERSION = YES;
				GCC_WARN_ABOUT_RETURN_TYPE = YES_ERROR;
				GCC_WARN_UNDECLARED_SELECTOR = YES;
				GCC_WARN_UNINITIALIZED_AUTOS = YES_AGGRESSIVE;
				GCC_WARN_UNUSED_FUNCTION = YES;
				GCC_WARN_UNUSED_VARIABLE = YES;
				IPHONEOS_DEPLOYMENT_TARGET = 10.3;
				MTL_ENABLE_DEBUG_INFO = YES;
				ONLY_ACTIVE_ARCH = YES;
				SDKROOT = iphoneos;
				SWIFT_ACTIVE_COMPILATION_CONDITIONS = DEBUG;
				SWIFT_OPTIMIZATION_LEVEL = "-Onone";
			};
			name = Debug;
		};
		18A057911EF04A7900E0724A /* Release */ = {
			isa = XCBuildConfiguration;
			buildSettings = {
				ALWAYS_SEARCH_USER_PATHS = NO;
				CLANG_ANALYZER_NONNULL = YES;
				CLANG_ANALYZER_NUMBER_OBJECT_CONVERSION = YES_AGGRESSIVE;
				CLANG_CXX_LANGUAGE_STANDARD = "gnu++0x";
				CLANG_CXX_LIBRARY = "libc++";
				CLANG_ENABLE_MODULES = YES;
				CLANG_ENABLE_OBJC_ARC = YES;
				CLANG_WARN_BOOL_CONVERSION = YES;
				CLANG_WARN_CONSTANT_CONVERSION = YES;
				CLANG_WARN_DIRECT_OBJC_ISA_USAGE = YES_ERROR;
				CLANG_WARN_DOCUMENTATION_COMMENTS = YES;
				CLANG_WARN_EMPTY_BODY = YES;
				CLANG_WARN_ENUM_CONVERSION = YES;
				CLANG_WARN_INFINITE_RECURSION = YES;
				CLANG_WARN_INT_CONVERSION = YES;
				CLANG_WARN_OBJC_ROOT_CLASS = YES_ERROR;
				CLANG_WARN_SUSPICIOUS_MOVE = YES;
				CLANG_WARN_UNREACHABLE_CODE = YES;
				CLANG_WARN__DUPLICATE_METHOD_MATCH = YES;
				"CODE_SIGN_IDENTITY[sdk=iphoneos*]" = "iPhone Developer";
				COPY_PHASE_STRIP = NO;
				DEBUG_INFORMATION_FORMAT = "dwarf-with-dsym";
				ENABLE_NS_ASSERTIONS = NO;
				ENABLE_STRICT_OBJC_MSGSEND = YES;
				GCC_C_LANGUAGE_STANDARD = gnu99;
				GCC_NO_COMMON_BLOCKS = YES;
				GCC_WARN_64_TO_32_BIT_CONVERSION = YES;
				GCC_WARN_ABOUT_RETURN_TYPE = YES_ERROR;
				GCC_WARN_UNDECLARED_SELECTOR = YES;
				GCC_WARN_UNINITIALIZED_AUTOS = YES_AGGRESSIVE;
				GCC_WARN_UNUSED_FUNCTION = YES;
				GCC_WARN_UNUSED_VARIABLE = YES;
				IPHONEOS_DEPLOYMENT_TARGET = 10.3;
				MTL_ENABLE_DEBUG_INFO = NO;
				SDKROOT = iphoneos;
				SWIFT_OPTIMIZATION_LEVEL = "-Owholemodule";
				VALIDATE_PRODUCT = YES;
			};
			name = Release;
		};
		18A057931EF04A7900E0724A /* Debug */ = {
			isa = XCBuildConfiguration;
			buildSettings = {
				ASSETCATALOG_COMPILER_APPICON_NAME = AppIcon;
				ASSETCATALOG_COMPILER_LAUNCHIMAGE_NAME = LaunchImage;
				DEVELOPMENT_TEAM = 3TZ48YZ6N3;
				INFOPLIST_FILE = EPex_Mobile_2/Info.plist;
				LD_RUNPATH_SEARCH_PATHS = "$(inherited) @executable_path/Frameworks";
				PRODUCT_BUNDLE_IDENTIFIER = "com.generalelectric.EPex-Mobile-2";
				PRODUCT_NAME = "$(TARGET_NAME)";
				SWIFT_VERSION = 3.0;
			};
			name = Debug;
		};
		18A057941EF04A7900E0724A /* Release */ = {
			isa = XCBuildConfiguration;
			buildSettings = {
				ASSETCATALOG_COMPILER_APPICON_NAME = AppIcon;
				ASSETCATALOG_COMPILER_LAUNCHIMAGE_NAME = LaunchImage;
				DEVELOPMENT_TEAM = 3TZ48YZ6N3;
				INFOPLIST_FILE = EPex_Mobile_2/Info.plist;
				LD_RUNPATH_SEARCH_PATHS = "$(inherited) @executable_path/Frameworks";
				PRODUCT_BUNDLE_IDENTIFIER = "com.generalelectric.EPex-Mobile-2";
				PRODUCT_NAME = "$(TARGET_NAME)";
				SWIFT_VERSION = 3.0;
			};
			name = Release;
		};
/* End XCBuildConfiguration section */

/* Begin XCConfigurationList section */
		18A0577B1EF04A7900E0724A /* Build configuration list for PBXProject "EPex_Mobile_2" */ = {
			isa = XCConfigurationList;
			buildConfigurations = (
				18A057901EF04A7900E0724A /* Debug */,
				18A057911EF04A7900E0724A /* Release */,
			);
			defaultConfigurationIsVisible = 0;
			defaultConfigurationName = Release;
		};
		18A057921EF04A7900E0724A /* Build configuration list for PBXNativeTarget "EPex_Mobile_2" */ = {
			isa = XCConfigurationList;
			buildConfigurations = (
				18A057931EF04A7900E0724A /* Debug */,
				18A057941EF04A7900E0724A /* Release */,
			);
			defaultConfigurationIsVisible = 0;
			defaultConfigurationName = Release;
		};
/* End XCConfigurationList section */
	};
	rootObject = 18A057781EF04A7900E0724A /* Project object */;
}
